
Microsoft Visual Studio Solution File, Format Version 12.00
Project("{FAE04EC0-301F-11D3-BF4B-00C04F79EFBC}") = "Voyager", "Voyager\Voyager.csproj", "{58FFAC75-7613-45A3-A729-B7548BBA84DF}"
EndProject
Project("{FAE04EC0-301F-11D3-BF4B-00C04F79EFBC}") = "Voyager.CLI", "Voyager.CLI\Voyager.CLI.csproj", "{24F07FDC-7FB5-4367-A7A9-24596B6BECEC}"
EndProject
Global
	GlobalSection(SolutionConfigurationPlatforms) = preSolution
		Debug|Any CPU = Debug|Any CPU
		Release|Any CPU = Release|Any CPU
	EndGlobalSection
	GlobalSection(ProjectConfigurationPlatforms) = postSolution
		{58FFAC75-7613-45A3-A729-B7548BBA84DF}.Debug|Any CPU.ActiveCfg = Debug|Any CPU
		{58FFAC75-7613-45A3-A729-B7548BBA84DF}.Debug|Any CPU.Build.0 = Debug|Any CPU
		{58FFAC75-7613-45A3-A729-B7548BBA84DF}.Release|Any CPU.ActiveCfg = Release|Any CPU
		{58FFAC75-7613-45A3-A729-B7548BBA84DF}.Release|Any CPU.Build.0 = Release|Any CPU
		{24F07FDC-7FB5-4367-A7A9-24596B6BECEC}.Debug|Any CPU.ActiveCfg = Debug|Any CPU
		{24F07FDC-7FB5-4367-A7A9-24596B6BECEC}.Debug|Any CPU.Build.0 = Debug|Any CPU
		{24F07FDC-7FB5-4367-A7A9-24596B6BECEC}.Release|Any CPU.ActiveCfg = Release|Any CPU
		{24F07FDC-7FB5-4367-A7A9-24596B6BECEC}.Release|Any CPU.Build.0 = Release|Any CPU
	EndGlobalSection
EndGlobal
